# THIS IS AN AUTOGENERATED FILE. DO NOT EDIT THIS FILE DIRECTLY.
# yarn lockfile v1


"@faker-js/faker@^9.2.0":
  version "9.2.0"
  resolved "https://registry.yarnpkg.com/@faker-js/faker/-/faker-9.2.0.tgz#269ee3a5d2442e88e10d984e106028422bcb9551"
  integrity sha512-ulqQu4KMr1/sTFIYvqSdegHT8NIkt66tFAkugGnHA+1WAfEn6hMzNR+svjXGFRVLnapxvej67Z/LwchFrnLBUg==
